
Microsoft Visual Studio Solution File, Format Version 12.00
# Visual Studio Version 17
VisualStudioVersion = 17.1.32421.90
MinimumVisualStudioVersion = 10.0.40219.1
Project("{9A19103F-16F7-4668-BE54-9A1E7A4F7556}") = "Orspace.TcpServer", "Orspace.TcpServer\Orspace.TcpServer.csproj", "{86CA7A4D-ED7F-427F-B1F8-30E856E935C6}"
EndProject
Project("{FAE04EC0-301F-11D3-BF4B-00C04F79EFBC}") = "Orspace.TcpServer.Example", "Orspace.TcpServer.Example\Orspace.TcpServer.Example.csproj", "{42253600-0CB5-4309-99CC-D071EA98460E}"
EndProject
Global
	GlobalSection(SolutionConfigurationPlatforms) = preSolution
		Debug|Any CPU = Debug|Any CPU
		Release|Any CPU = Release|Any CPU
	EndGlobalSection
	GlobalSection(ProjectConfigurationPlatforms) = postSolution
		{86CA7A4D-ED7F-427F-B1F8-30E856E935C6}.Debug|Any CPU.ActiveCfg = Debug|Any CPU
		{86CA7A4D-ED7F-427F-B1F8-30E856E935C6}.Debug|Any CPU.Build.0 = Debug|Any CPU
		{86CA7A4D-ED7F-427F-B1F8-30E856E935C6}.Release|Any CPU.ActiveCfg = Release|Any CPU
		{86CA7A4D-ED7F-427F-B1F8-30E856E935C6}.Release|Any CPU.Build.0 = Release|Any CPU
		{42253600-0CB5-4309-99CC-D071EA98460E}.Debug|Any CPU.ActiveCfg = Debug|Any CPU
		{42253600-0CB5-4309-99CC-D071EA98460E}.Debug|Any CPU.Build.0 = Debug|Any CPU
		{42253600-0CB5-4309-99CC-D071EA98460E}.Release|Any CPU.ActiveCfg = Release|Any CPU
		{42253600-0CB5-4309-99CC-D071EA98460E}.Release|Any CPU.Build.0 = Release|Any CPU
	EndGlobalSection
	GlobalSection(SolutionProperties) = preSolution
		HideSolutionNode = FALSE
	EndGlobalSection
	GlobalSection(ExtensibilityGlobals) = postSolution
		SolutionGuid = {B7E848A3-83AF-4AD5-93C5-E14B99C1219E}
	EndGlobalSection
EndGlobal
